# Generated by pub
# See https://dart.dev/tools/pub/glossary#lockfile
packages:
  collection:
    dependency: transitive
    description:
      name: collection
      sha256: f092b211a4319e98e5ff58223576de6c2803db36221657b46c82574721240687
      url: "https://pub.dev"
    source: hosted
    version: "1.17.2"
  faker_dart:
    dependency: "direct main"
    description:
      path: ".."
      relative: true
    source: path
    version: "0.1.11"
sdks:
  dart: ">=2.18.0 <4.0.0"
